
Microsoft Visual Studio Solution File, Format Version 12.00
# Visual Studio Version 16
VisualStudioVersion = 16.0.29102.190
MinimumVisualStudioVersion = 10.0.40219.1
Project("{9A19103F-16F7-4668-BE54-9A1E7A4F7556}") = "Tesserae", "Tesserae\Tesserae.csproj", "{35F1070A-7B2A-4FAF-B433-19BEFD8BA11E}"
EndProject
Project("{9A19103F-16F7-4668-BE54-9A1E7A4F7556}") = "Tesserae.Tests", "Tesserae.Tests\Tesserae.Tests.csproj", "{35F1071A-7B2A-4FAF-B433-19BEFD8BA11E}"
EndProject
Project("{9A19103F-16F7-4668-BE54-9A1E7A4F7556}") = "Build.ImportLineAwesome", "Build.ImportLineAwesome\Build.ImportLineAwesome.csproj", "{1817F8C6-E437-476C-A193-D1C36794412E}"
EndProject
Project("{2150E333-8FDC-42A3-9474-1A3956D46DE8}") = "DevOps", "DevOps", "{15502E5E-34AB-4EDD-AAC2-84DBBC05DEBB}"
	ProjectSection(SolutionItems) = preProject
		.azure-devops\build-nuget.yml = .azure-devops\build-nuget.yml
	EndProjectSection
EndProject
Project("{9A19103F-16F7-4668-BE54-9A1E7A4F7556}") = "Build.InjectSamplesCode", "Build.InjectSamplesCode\Build.InjectSamplesCode.csproj", "{BA7E4838-8FF6-470D-8E2E-A9917F57D8EC}"
EndProject
Project("{2150E333-8FDC-42A3-9474-1A3956D46DE8}") = "Solution Items", "Solution Items", "{48BF710B-03E2-470A-BEBB-20669E488B5C}"
	ProjectSection(SolutionItems) = preProject
		.editorconfig = .editorconfig
	EndProjectSection
EndProject
Global
	GlobalSection(SolutionConfigurationPlatforms) = preSolution
		Debug|Any CPU = Debug|Any CPU
		Release|Any CPU = Release|Any CPU
	EndGlobalSection
	GlobalSection(ProjectConfigurationPlatforms) = postSolution
		{35F1070A-7B2A-4FAF-B433-19BEFD8BA11E}.Debug|Any CPU.ActiveCfg = Debug|Any CPU
		{35F1070A-7B2A-4FAF-B433-19BEFD8BA11E}.Debug|Any CPU.Build.0 = Debug|Any CPU
		{35F1070A-7B2A-4FAF-B433-19BEFD8BA11E}.Release|Any CPU.ActiveCfg = Release|Any CPU
		{35F1070A-7B2A-4FAF-B433-19BEFD8BA11E}.Release|Any CPU.Build.0 = Release|Any CPU
		{35F1071A-7B2A-4FAF-B433-19BEFD8BA11E}.Debug|Any CPU.ActiveCfg = Debug|Any CPU
		{35F1071A-7B2A-4FAF-B433-19BEFD8BA11E}.Debug|Any CPU.Build.0 = Debug|Any CPU
		{35F1071A-7B2A-4FAF-B433-19BEFD8BA11E}.Release|Any CPU.ActiveCfg = Release|Any CPU
		{35F1071A-7B2A-4FAF-B433-19BEFD8BA11E}.Release|Any CPU.Build.0 = Release|Any CPU
		{1817F8C6-E437-476C-A193-D1C36794412E}.Debug|Any CPU.ActiveCfg = Debug|Any CPU
		{1817F8C6-E437-476C-A193-D1C36794412E}.Debug|Any CPU.Build.0 = Debug|Any CPU
		{1817F8C6-E437-476C-A193-D1C36794412E}.Release|Any CPU.ActiveCfg = Release|Any CPU
		{1817F8C6-E437-476C-A193-D1C36794412E}.Release|Any CPU.Build.0 = Release|Any CPU
		{BA7E4838-8FF6-470D-8E2E-A9917F57D8EC}.Debug|Any CPU.ActiveCfg = Debug|Any CPU
		{BA7E4838-8FF6-470D-8E2E-A9917F57D8EC}.Debug|Any CPU.Build.0 = Debug|Any CPU
		{BA7E4838-8FF6-470D-8E2E-A9917F57D8EC}.Release|Any CPU.ActiveCfg = Release|Any CPU
		{BA7E4838-8FF6-470D-8E2E-A9917F57D8EC}.Release|Any CPU.Build.0 = Release|Any CPU
	EndGlobalSection
	GlobalSection(SolutionProperties) = preSolution
		HideSolutionNode = FALSE
	EndGlobalSection
	GlobalSection(ExtensibilityGlobals) = postSolution
		SolutionGuid = {59973263-2AF4-485E-936D-6A864C3AE3BF}
	EndGlobalSection
EndGlobal
